
Microsoft Visual Studio Solution File, Format Version 11.00
# Visual Studio 2010
Project("{FAE04EC0-301F-11D3-BF4B-00C04F79EFBC}") = "StockTrader", "Source\StockTrader.csproj", "{16DEF5E8-37DC-4B89-AB95-2293AF1B8D78}"
EndProject
Global
	GlobalSection(SolutionConfigurationPlatforms) = preSolution
		Debug|Any CPU = Debug|Any CPU
		Release|Any CPU = Release|Any CPU
	EndGlobalSection
	GlobalSection(ProjectConfigurationPlatforms) = postSolution
		{16DEF5E8-37DC-4B89-AB95-2293AF1B8D78}.Debug|Any CPU.ActiveCfg = Debug|Any CPU
		{16DEF5E8-37DC-4B89-AB95-2293AF1B8D78}.Debug|Any CPU.Build.0 = Debug|Any CPU
		{16DEF5E8-37DC-4B89-AB95-2293AF1B8D78}.Release|Any CPU.ActiveCfg = Release|Any CPU
		{16DEF5E8-37DC-4B89-AB95-2293AF1B8D78}.Release|Any CPU.Build.0 = Release|Any CPU
	EndGlobalSection
	GlobalSection(SolutionProperties) = preSolution
		HideSolutionNode = FALSE
	EndGlobalSection
EndGlobal
