
Microsoft Visual Studio Solution File, Format Version 11.00
# Visual Studio 2010
Project("{FAE04EC0-301F-11D3-BF4B-00C04F79EFBC}") = "OrderProcessorImplementation", "OrderProcessorImplementation\OrderProcessorImplementation.csproj", "{657AD453-B00F-4F8A-9A94-25874320DE2C}"
EndProject
Project("{FAE04EC0-301F-11D3-BF4B-00C04F79EFBC}") = "OrderProcessorContract", "OrderProcessorContract\OrderProcessorContract.csproj", "{1AD6DBB4-CA83-460F-BDCD-45E1ECE318B4}"
EndProject
Project("{FAE04EC0-301F-11D3-BF4B-00C04F79EFBC}") = "OrderProcessorServiceConfigurationSettings", "OrderProcessorServiceConfigurationSettings\OrderProcessorServiceConfigurationSettings.csproj", "{B28867CC-DD77-4F17-BA01-92625C235F6C}"
EndProject
Project("{FAE04EC0-301F-11D3-BF4B-00C04F79EFBC}") = "BusinessServiceDataContract", "..\StockTraderBusinessService\BusinessServiceDataContract\BusinessServiceDataContract.csproj", "{EBB1604B-3F50-4A81-87C3-1AE4029EEEC6}"
EndProject
Project("{FAE04EC0-301F-11D3-BF4B-00C04F79EFBC}") = "StockTraderIDAL", "..\StockTraderDataAccessLayer\IDAL\StockTraderIDAL.csproj", "{509EB16A-6586-4200-8323-32438C9B47DC}"
EndProject
Project("{FAE04EC0-301F-11D3-BF4B-00C04F79EFBC}") = "OrderProcessorAsyncClient", "OrderProcessorAsyncClient\OrderProcessorAsyncClient.csproj", "{623BC346-84FA-4B9E-B043-811DB7FBEC2A}"
EndProject
Project("{FAE04EC0-301F-11D3-BF4B-00C04F79EFBC}") = "StockTraderDALSQLServer", "..\StockTraderDataAccessLayer\DALSQLServer\StockTraderDALSQLServer.csproj", "{34C5AB90-E195-4BEE-A895-7AB1F81D552D}"
EndProject
Project("{FAE04EC0-301F-11D3-BF4B-00C04F79EFBC}") = "StockTraderDALFactory", "..\StockTraderDataAccessLayer\DALFactory\StockTraderDALFactory.csproj", "{F67C8D85-6DC0-45CD-A748-636E3881E2F5}"
EndProject
Project("{FAE04EC0-301F-11D3-BF4B-00C04F79EFBC}") = "Utility", "..\StockTraderBusinessService\StockTraderUtility\Utility.csproj", "{382E6E1C-E430-4F6C-BC41-5D84A3798B02}"
EndProject
Project("{FAE04EC0-301F-11D3-BF4B-00C04F79EFBC}") = "OrderProcessorHostConfigurationImplementation", "OrderProcessorHostConfigurationImplementation\OrderProcessorHostConfigurationImplementation.csproj", "{175F7554-5A61-4D59-A02C-CC30348FD506}"
EndProject
Project("{FAE04EC0-301F-11D3-BF4B-00C04F79EFBC}") = "OrderProcessorServiceHost", "OrderProcessorServiceHost\OrderProcessorServiceHost.csproj", "{F58546AC-15E7-4E5C-B4F7-6C1F20F62A89}"
	ProjectSection(ProjectDependencies) = postProject
		{623BC346-84FA-4B9E-B043-811DB7FBEC2A} = {623BC346-84FA-4B9E-B043-811DB7FBEC2A}
	EndProjectSection
EndProject
Project("{FAE04EC0-301F-11D3-BF4B-00C04F79EFBC}") = "OrderProcessorConsoleHost", "OrderProcessorConsoleServiceHost\OrderProcessorConsoleHost.csproj", "{E0A01A0E-6EF9-4826-B1AE-51B281739AF2}"
EndProject
Project("{FAE04EC0-301F-11D3-BF4B-00C04F79EFBC}") = "OrderProcessorPoisonMessageHandler", "PoisonMessageHandler\OrderProcessorPoisonMessageHandler.csproj", "{7E1517B0-CA49-4579-84AD-B2ED88F97DA7}"
EndProject
Project("{FAE04EC0-301F-11D3-BF4B-00C04F79EFBC}") = "OrderProcessorNTServiceHost", "OrderProcessorNTServiceHost\OrderProcessorNTServiceHost.csproj", "{913CA542-32BB-4374-8E0E-765E443F1EB2}"
EndProject
Project("{FAE04EC0-301F-11D3-BF4B-00C04F79EFBC}") = "OrderProcessorDataContract", "OrderProcessorDataContract\OrderProcessorDataContract.csproj", "{586065A6-C9EE-484D-9A15-603CB6828CA4}"
EndProject
Global
	GlobalSection(SolutionConfigurationPlatforms) = preSolution
		Debug|Any CPU = Debug|Any CPU
		Debug|Mixed Platforms = Debug|Mixed Platforms
		Release|Any CPU = Release|Any CPU
		Release|Mixed Platforms = Release|Mixed Platforms
	EndGlobalSection
	GlobalSection(ProjectConfigurationPlatforms) = postSolution
		{657AD453-B00F-4F8A-9A94-25874320DE2C}.Debug|Any CPU.ActiveCfg = Debug|Any CPU
		{657AD453-B00F-4F8A-9A94-25874320DE2C}.Debug|Any CPU.Build.0 = Debug|Any CPU
		{657AD453-B00F-4F8A-9A94-25874320DE2C}.Debug|Mixed Platforms.ActiveCfg = Debug|Any CPU
		{657AD453-B00F-4F8A-9A94-25874320DE2C}.Debug|Mixed Platforms.Build.0 = Debug|Any CPU
		{657AD453-B00F-4F8A-9A94-25874320DE2C}.Release|Any CPU.ActiveCfg = Release|Any CPU
		{657AD453-B00F-4F8A-9A94-25874320DE2C}.Release|Any CPU.Build.0 = Release|Any CPU
		{657AD453-B00F-4F8A-9A94-25874320DE2C}.Release|Mixed Platforms.ActiveCfg = Release|Any CPU
		{657AD453-B00F-4F8A-9A94-25874320DE2C}.Release|Mixed Platforms.Build.0 = Release|Any CPU
		{1AD6DBB4-CA83-460F-BDCD-45E1ECE318B4}.Debug|Any CPU.ActiveCfg = Debug|Any CPU
		{1AD6DBB4-CA83-460F-BDCD-45E1ECE318B4}.Debug|Any CPU.Build.0 = Debug|Any CPU
		{1AD6DBB4-CA83-460F-BDCD-45E1ECE318B4}.Debug|Mixed Platforms.ActiveCfg = Debug|Any CPU
		{1AD6DBB4-CA83-460F-BDCD-45E1ECE318B4}.Debug|Mixed Platforms.Build.0 = Debug|Any CPU
		{1AD6DBB4-CA83-460F-BDCD-45E1ECE318B4}.Release|Any CPU.ActiveCfg = Release|Any CPU
		{1AD6DBB4-CA83-460F-BDCD-45E1ECE318B4}.Release|Any CPU.Build.0 = Release|Any CPU
		{1AD6DBB4-CA83-460F-BDCD-45E1ECE318B4}.Release|Mixed Platforms.ActiveCfg = Release|Any CPU
		{1AD6DBB4-CA83-460F-BDCD-45E1ECE318B4}.Release|Mixed Platforms.Build.0 = Release|Any CPU
		{B28867CC-DD77-4F17-BA01-92625C235F6C}.Debug|Any CPU.ActiveCfg = Debug|Any CPU
		{B28867CC-DD77-4F17-BA01-92625C235F6C}.Debug|Any CPU.Build.0 = Debug|Any CPU
		{B28867CC-DD77-4F17-BA01-92625C235F6C}.Debug|Mixed Platforms.ActiveCfg = Debug|Any CPU
		{B28867CC-DD77-4F17-BA01-92625C235F6C}.Debug|Mixed Platforms.Build.0 = Debug|Any CPU
		{B28867CC-DD77-4F17-BA01-92625C235F6C}.Release|Any CPU.ActiveCfg = Release|Any CPU
		{B28867CC-DD77-4F17-BA01-92625C235F6C}.Release|Any CPU.Build.0 = Release|Any CPU
		{B28867CC-DD77-4F17-BA01-92625C235F6C}.Release|Mixed Platforms.ActiveCfg = Release|Any CPU
		{B28867CC-DD77-4F17-BA01-92625C235F6C}.Release|Mixed Platforms.Build.0 = Release|Any CPU
		{EBB1604B-3F50-4A81-87C3-1AE4029EEEC6}.Debug|Any CPU.ActiveCfg = Debug|Any CPU
		{EBB1604B-3F50-4A81-87C3-1AE4029EEEC6}.Debug|Any CPU.Build.0 = Debug|Any CPU
		{EBB1604B-3F50-4A81-87C3-1AE4029EEEC6}.Debug|Mixed Platforms.ActiveCfg = Debug|Any CPU
		{EBB1604B-3F50-4A81-87C3-1AE4029EEEC6}.Debug|Mixed Platforms.Build.0 = Debug|Any CPU
		{EBB1604B-3F50-4A81-87C3-1AE4029EEEC6}.Release|Any CPU.ActiveCfg = Release|Any CPU
		{EBB1604B-3F50-4A81-87C3-1AE4029EEEC6}.Release|Any CPU.Build.0 = Release|Any CPU
		{EBB1604B-3F50-4A81-87C3-1AE4029EEEC6}.Release|Mixed Platforms.ActiveCfg = Release|Any CPU
		{EBB1604B-3F50-4A81-87C3-1AE4029EEEC6}.Release|Mixed Platforms.Build.0 = Release|Any CPU
		{509EB16A-6586-4200-8323-32438C9B47DC}.Debug|Any CPU.ActiveCfg = Debug|Any CPU
		{509EB16A-6586-4200-8323-32438C9B47DC}.Debug|Any CPU.Build.0 = Debug|Any CPU
		{509EB16A-6586-4200-8323-32438C9B47DC}.Debug|Mixed Platforms.ActiveCfg = Debug|Any CPU
		{509EB16A-6586-4200-8323-32438C9B47DC}.Debug|Mixed Platforms.Build.0 = Debug|Any CPU
		{509EB16A-6586-4200-8323-32438C9B47DC}.Release|Any CPU.ActiveCfg = Release|Any CPU
		{509EB16A-6586-4200-8323-32438C9B47DC}.Release|Any CPU.Build.0 = Release|Any CPU
		{509EB16A-6586-4200-8323-32438C9B47DC}.Release|Mixed Platforms.ActiveCfg = Release|Any CPU
		{509EB16A-6586-4200-8323-32438C9B47DC}.Release|Mixed Platforms.Build.0 = Release|Any CPU
		{623BC346-84FA-4B9E-B043-811DB7FBEC2A}.Debug|Any CPU.ActiveCfg = Debug|Any CPU
		{623BC346-84FA-4B9E-B043-811DB7FBEC2A}.Debug|Any CPU.Build.0 = Debug|Any CPU
		{623BC346-84FA-4B9E-B043-811DB7FBEC2A}.Debug|Mixed Platforms.ActiveCfg = Debug|Any CPU
		{623BC346-84FA-4B9E-B043-811DB7FBEC2A}.Debug|Mixed Platforms.Build.0 = Debug|Any CPU
		{623BC346-84FA-4B9E-B043-811DB7FBEC2A}.Release|Any CPU.ActiveCfg = Release|Any CPU
		{623BC346-84FA-4B9E-B043-811DB7FBEC2A}.Release|Any CPU.Build.0 = Release|Any CPU
		{623BC346-84FA-4B9E-B043-811DB7FBEC2A}.Release|Mixed Platforms.ActiveCfg = Release|Any CPU
		{623BC346-84FA-4B9E-B043-811DB7FBEC2A}.Release|Mixed Platforms.Build.0 = Release|Any CPU
		{34C5AB90-E195-4BEE-A895-7AB1F81D552D}.Debug|Any CPU.ActiveCfg = Debug|Any CPU
		{34C5AB90-E195-4BEE-A895-7AB1F81D552D}.Debug|Any CPU.Build.0 = Debug|Any CPU
		{34C5AB90-E195-4BEE-A895-7AB1F81D552D}.Debug|Mixed Platforms.ActiveCfg = Debug|Any CPU
		{34C5AB90-E195-4BEE-A895-7AB1F81D552D}.Debug|Mixed Platforms.Build.0 = Debug|Any CPU
		{34C5AB90-E195-4BEE-A895-7AB1F81D552D}.Release|Any CPU.ActiveCfg = Release|Any CPU
		{34C5AB90-E195-4BEE-A895-7AB1F81D552D}.Release|Any CPU.Build.0 = Release|Any CPU
		{34C5AB90-E195-4BEE-A895-7AB1F81D552D}.Release|Mixed Platforms.ActiveCfg = Release|Any CPU
		{34C5AB90-E195-4BEE-A895-7AB1F81D552D}.Release|Mixed Platforms.Build.0 = Release|Any CPU
		{F67C8D85-6DC0-45CD-A748-636E3881E2F5}.Debug|Any CPU.ActiveCfg = Debug|Any CPU
		{F67C8D85-6DC0-45CD-A748-636E3881E2F5}.Debug|Any CPU.Build.0 = Debug|Any CPU
		{F67C8D85-6DC0-45CD-A748-636E3881E2F5}.Debug|Mixed Platforms.ActiveCfg = Debug|Any CPU
		{F67C8D85-6DC0-45CD-A748-636E3881E2F5}.Debug|Mixed Platforms.Build.0 = Debug|Any CPU
		{F67C8D85-6DC0-45CD-A748-636E3881E2F5}.Release|Any CPU.ActiveCfg = Release|Any CPU
		{F67C8D85-6DC0-45CD-A748-636E3881E2F5}.Release|Any CPU.Build.0 = Release|Any CPU
		{F67C8D85-6DC0-45CD-A748-636E3881E2F5}.Release|Mixed Platforms.ActiveCfg = Release|Any CPU
		{F67C8D85-6DC0-45CD-A748-636E3881E2F5}.Release|Mixed Platforms.Build.0 = Release|Any CPU
		{382E6E1C-E430-4F6C-BC41-5D84A3798B02}.Debug|Any CPU.ActiveCfg = Debug|Any CPU
		{382E6E1C-E430-4F6C-BC41-5D84A3798B02}.Debug|Any CPU.Build.0 = Debug|Any CPU
		{382E6E1C-E430-4F6C-BC41-5D84A3798B02}.Debug|Mixed Platforms.ActiveCfg = Debug|Any CPU
		{382E6E1C-E430-4F6C-BC41-5D84A3798B02}.Debug|Mixed Platforms.Build.0 = Debug|Any CPU
		{382E6E1C-E430-4F6C-BC41-5D84A3798B02}.Release|Any CPU.ActiveCfg = Release|Any CPU
		{382E6E1C-E430-4F6C-BC41-5D84A3798B02}.Release|Any CPU.Build.0 = Release|Any CPU
		{382E6E1C-E430-4F6C-BC41-5D84A3798B02}.Release|Mixed Platforms.ActiveCfg = Release|Any CPU
		{382E6E1C-E430-4F6C-BC41-5D84A3798B02}.Release|Mixed Platforms.Build.0 = Release|Any CPU
		{175F7554-5A61-4D59-A02C-CC30348FD506}.Debug|Any CPU.ActiveCfg = Debug|Any CPU
		{175F7554-5A61-4D59-A02C-CC30348FD506}.Debug|Any CPU.Build.0 = Debug|Any CPU
		{175F7554-5A61-4D59-A02C-CC30348FD506}.Debug|Mixed Platforms.ActiveCfg = Debug|Any CPU
		{175F7554-5A61-4D59-A02C-CC30348FD506}.Debug|Mixed Platforms.Build.0 = Debug|Any CPU
		{175F7554-5A61-4D59-A02C-CC30348FD506}.Release|Any CPU.ActiveCfg = Release|Any CPU
		{175F7554-5A61-4D59-A02C-CC30348FD506}.Release|Any CPU.Build.0 = Release|Any CPU
		{175F7554-5A61-4D59-A02C-CC30348FD506}.Release|Mixed Platforms.ActiveCfg = Release|Any CPU
		{175F7554-5A61-4D59-A02C-CC30348FD506}.Release|Mixed Platforms.Build.0 = Release|Any CPU
		{F58546AC-15E7-4E5C-B4F7-6C1F20F62A89}.Debug|Any CPU.ActiveCfg = Debug|x86
		{F58546AC-15E7-4E5C-B4F7-6C1F20F62A89}.Debug|Any CPU.Build.0 = Debug|x86
		{F58546AC-15E7-4E5C-B4F7-6C1F20F62A89}.Debug|Mixed Platforms.ActiveCfg = Debug|x86
		{F58546AC-15E7-4E5C-B4F7-6C1F20F62A89}.Debug|Mixed Platforms.Build.0 = Debug|x86
		{F58546AC-15E7-4E5C-B4F7-6C1F20F62A89}.Release|Any CPU.ActiveCfg = Release|x86
		{F58546AC-15E7-4E5C-B4F7-6C1F20F62A89}.Release|Any CPU.Build.0 = Release|x86
		{F58546AC-15E7-4E5C-B4F7-6C1F20F62A89}.Release|Mixed Platforms.ActiveCfg = Release|x86
		{F58546AC-15E7-4E5C-B4F7-6C1F20F62A89}.Release|Mixed Platforms.Build.0 = Release|x86
		{E0A01A0E-6EF9-4826-B1AE-51B281739AF2}.Debug|Any CPU.ActiveCfg = Debug|Any CPU
		{E0A01A0E-6EF9-4826-B1AE-51B281739AF2}.Debug|Any CPU.Build.0 = Debug|Any CPU
		{E0A01A0E-6EF9-4826-B1AE-51B281739AF2}.Debug|Mixed Platforms.ActiveCfg = Debug|Any CPU
		{E0A01A0E-6EF9-4826-B1AE-51B281739AF2}.Debug|Mixed Platforms.Build.0 = Debug|Any CPU
		{E0A01A0E-6EF9-4826-B1AE-51B281739AF2}.Release|Any CPU.ActiveCfg = Release|Any CPU
		{E0A01A0E-6EF9-4826-B1AE-51B281739AF2}.Release|Any CPU.Build.0 = Release|Any CPU
		{E0A01A0E-6EF9-4826-B1AE-51B281739AF2}.Release|Mixed Platforms.ActiveCfg = Release|Any CPU
		{E0A01A0E-6EF9-4826-B1AE-51B281739AF2}.Release|Mixed Platforms.Build.0 = Release|Any CPU
		{7E1517B0-CA49-4579-84AD-B2ED88F97DA7}.Debug|Any CPU.ActiveCfg = Debug|Any CPU
		{7E1517B0-CA49-4579-84AD-B2ED88F97DA7}.Debug|Any CPU.Build.0 = Debug|Any CPU
		{7E1517B0-CA49-4579-84AD-B2ED88F97DA7}.Debug|Mixed Platforms.ActiveCfg = Debug|Any CPU
		{7E1517B0-CA49-4579-84AD-B2ED88F97DA7}.Debug|Mixed Platforms.Build.0 = Debug|Any CPU
		{7E1517B0-CA49-4579-84AD-B2ED88F97DA7}.Release|Any CPU.ActiveCfg = Release|Any CPU
		{7E1517B0-CA49-4579-84AD-B2ED88F97DA7}.Release|Any CPU.Build.0 = Release|Any CPU
		{7E1517B0-CA49-4579-84AD-B2ED88F97DA7}.Release|Mixed Platforms.ActiveCfg = Release|Any CPU
		{7E1517B0-CA49-4579-84AD-B2ED88F97DA7}.Release|Mixed Platforms.Build.0 = Release|Any CPU
		{913CA542-32BB-4374-8E0E-765E443F1EB2}.Debug|Any CPU.ActiveCfg = Debug|Any CPU
		{913CA542-32BB-4374-8E0E-765E443F1EB2}.Debug|Any CPU.Build.0 = Debug|Any CPU
		{913CA542-32BB-4374-8E0E-765E443F1EB2}.Debug|Mixed Platforms.ActiveCfg = Debug|Any CPU
		{913CA542-32BB-4374-8E0E-765E443F1EB2}.Debug|Mixed Platforms.Build.0 = Debug|Any CPU
		{913CA542-32BB-4374-8E0E-765E443F1EB2}.Release|Any CPU.ActiveCfg = Release|Any CPU
		{913CA542-32BB-4374-8E0E-765E443F1EB2}.Release|Any CPU.Build.0 = Release|Any CPU
		{913CA542-32BB-4374-8E0E-765E443F1EB2}.Release|Mixed Platforms.ActiveCfg = Release|Any CPU
		{913CA542-32BB-4374-8E0E-765E443F1EB2}.Release|Mixed Platforms.Build.0 = Release|Any CPU
		{586065A6-C9EE-484D-9A15-603CB6828CA4}.Debug|Any CPU.ActiveCfg = Debug|Any CPU
		{586065A6-C9EE-484D-9A15-603CB6828CA4}.Debug|Any CPU.Build.0 = Debug|Any CPU
		{586065A6-C9EE-484D-9A15-603CB6828CA4}.Debug|Mixed Platforms.ActiveCfg = Debug|Any CPU
		{586065A6-C9EE-484D-9A15-603CB6828CA4}.Debug|Mixed Platforms.Build.0 = Debug|Any CPU
		{586065A6-C9EE-484D-9A15-603CB6828CA4}.Release|Any CPU.ActiveCfg = Release|Any CPU
		{586065A6-C9EE-484D-9A15-603CB6828CA4}.Release|Any CPU.Build.0 = Release|Any CPU
		{586065A6-C9EE-484D-9A15-603CB6828CA4}.Release|Mixed Platforms.ActiveCfg = Release|Any CPU
		{586065A6-C9EE-484D-9A15-603CB6828CA4}.Release|Mixed Platforms.Build.0 = Release|Any CPU
	EndGlobalSection
	GlobalSection(SolutionProperties) = preSolution
		HideSolutionNode = FALSE
	EndGlobalSection
EndGlobal
